lockVersion: 2.0.0
id: 2858c6d9-f946-4185-ae68-3b8e708830fb
management:
  docChecksum: 5b362866a3e7a85c830c6cb1f1cf4896
  docVersion: 0.4.0 .
  speakeasyVersion: 1.344.1
  generationVersion: 2.376.2
  releaseVersion: 3.10.0
  configChecksum: e9c49c281a0fa2857e5be8e110f7e5f4
  repoURL: https://github.com/speakeasy-api/speakeasy-client-sdk-go.git
  repoSubDirectory: .
  installationURL: https://github.com/speakeasy-api/speakeasy-client-sdk-go
  published: true
features:
  go:
    acceptHeaders: 2.81.2
    additionalDependencies: 0.1.0
    core: 3.5.0
    defaultEnabledRetries: 0.2.0
    deprecations: 2.81.1
    devContainers: 2.90.0
    downloadStreams: 0.1.1
    envVarSecurityUsage: 0.2.0
    examples: 2.81.3
    globalSecurity: 2.82.9
    globalSecurityCallbacks: 0.1.0
    globalServerURLs: 2.82.2
    globals: 2.82.2
    inputOutputModels: 2.83.0
    intellisenseMarkdownSupport: 0.1.0
    nullables: 0.1.0
    responseFormat: 0.1.2
    retries: 2.83.0
    sdkHooks: 0.1.0
    serverEventsSentinels: 0.1.0
    serverIDs: 2.81.1
generatedFiles:
  - apis.go
  - apiendpoints.go
  - metadata.go
  - schemas.go
  - artifacts.go
  - auth.go
  - requests.go
  - github.go
  - organizations.go
  - reports.go
  - shorturls.go
  - suggest.go
  - embeds.go
  - events.go
  - speakeasy.go
  - go.mod
  - pkg/models/sdkerrors/sdkerror.go
  - pkg/retry/config.go
  - pkg/types/bigint.go
  - pkg/types/date.go
  - pkg/types/datetime.go
  - pkg/types/decimal.go
  - pkg/types/pointers.go
  - pkg/utils/contenttype.go
  - pkg/utils/form.go
  - pkg/utils/headers.go
  - pkg/utils/json.go
  - pkg/utils/pathparams.go
  - pkg/utils/queryparams.go
  - pkg/utils/requestbody.go
  - pkg/utils/retries.go
  - pkg/utils/security.go
  - pkg/utils/utils.go
  - internal/globals/globals.go
  - /pkg/models/operations/deleteapi.go
  - /pkg/models/operations/generateopenapispec.go
  - /pkg/models/operations/generatepostmancollection.go
  - /pkg/models/operations/getallapiversions.go
  - /pkg/models/operations/getapis.go
  - /pkg/models/operations/upsertapi.go
  - /pkg/models/operations/deleteapiendpoint.go
  - /pkg/models/operations/findapiendpoint.go
  - /pkg/models/operations/generateopenapispecforapiendpoint.go
  - /pkg/models/operations/generatepostmancollectionforapiendpoint.go
  - /pkg/models/operations/getallapiendpoints.go
  - /pkg/models/operations/getallforversionapiendpoints.go
  - /pkg/models/operations/getapiendpoint.go
  - /pkg/models/operations/upsertapiendpoint.go
  - /pkg/models/operations/deleteversionmetadata.go
  - /pkg/models/operations/getversionmetadata.go
  - /pkg/models/operations/insertversionmetadata.go
  - /pkg/models/operations/deleteschema.go
  - /pkg/models/operations/downloadschema.go
  - /pkg/models/operations/downloadschemarevision.go
  - /pkg/models/operations/getschema.go
  - /pkg/models/operations/getschemadiff.go
  - /pkg/models/operations/getschemarevision.go
  - /pkg/models/operations/getschemas.go
  - /pkg/models/operations/registerschema.go
  - /pkg/models/operations/getblob.go
  - /pkg/models/operations/getmanifest.go
  - /pkg/models/operations/getnamespaces.go
  - /pkg/models/operations/getoassummary.go
  - /pkg/models/operations/getrevisions.go
  - /pkg/models/operations/gettags.go
  - /pkg/models/operations/posttags.go
  - /pkg/models/operations/preflight.go
  - /pkg/models/operations/getaccesstoken.go
  - /pkg/models/operations/getuser.go
  - /pkg/models/operations/getworkspaceaccess.go
  - /pkg/models/operations/validateapikey.go
  - /pkg/models/operations/generaterequestpostmancollection.go
  - /pkg/models/operations/getrequestfromeventlog.go
  - /pkg/models/operations/queryeventlog.go
  - /pkg/models/operations/checkaccess.go
  - /pkg/models/operations/configurecodesamples.go
  - /pkg/models/operations/configuremintlifyrepo.go
  - /pkg/models/operations/configuretarget.go
  - /pkg/models/operations/fetchpublishingprs.go
  - /pkg/models/operations/getaction.go
  - /pkg/models/operations/githubcheckpublishingsecrets.go
  - /pkg/models/operations/githubstorepublishingsecrets.go
  - /pkg/models/operations/triggeraction.go
  - /pkg/models/operations/createfreetrial.go
  - /pkg/models/operations/getorganizationusage.go
  - /pkg/models/operations/getorganizations.go
  - /pkg/models/operations/getchangesreportsignedurl.go
  - /pkg/models/operations/getlintingreportsignedurl.go
  - /pkg/models/operations/uploadreport.go
  - /pkg/models/operations/create.go
  - /pkg/models/operations/applyoperationids.go
  - /pkg/models/operations/suggestoperationids.go
  - /pkg/models/operations/suggestoperationidsregistry.go
  - /pkg/models/operations/getembedaccesstoken.go
  - /pkg/models/operations/getvalidembedaccesstokens.go
  - /pkg/models/operations/revokeembedaccesstoken.go
  - /pkg/models/operations/getworkspaceeventsbytarget.go
  - /pkg/models/operations/getworkspacetargets.go
  - /pkg/models/operations/postworkspaceevents.go
  - /pkg/models/operations/searchworkspaceevents.go
  - /pkg/models/sdkerrors/error.go
  - /pkg/models/shared/generateopenapispecdiff.go
  - /pkg/models/shared/api.go
  - /pkg/models/shared/apiinput.go
  - /pkg/models/shared/apiendpoint.go
  - /pkg/models/shared/apiendpointinput.go
  - /pkg/models/shared/versionmetadata.go
  - /pkg/models/shared/versionmetadatainput.go
  - /pkg/models/shared/schema.go
  - /pkg/models/shared/schemadiff.go
  - /pkg/models/shared/manifest.go
  - /pkg/models/shared/v2descriptor.go
  - /pkg/models/shared/annotations.go
  - /pkg/models/shared/getnamespacesresponse.go
  - /pkg/models/shared/namespace.go
  - /pkg/models/shared/oassummary.go
  - /pkg/models/shared/oasoperation.go
  - /pkg/models/shared/oasinfo.go
  - /pkg/models/shared/getrevisionsresponse.go
  - /pkg/models/shared/revision.go
  - /pkg/models/shared/gettagsresponse.go
  - /pkg/models/shared/tag.go
  - /pkg/models/shared/addtags.go
  - /pkg/models/shared/preflighttoken.go
  - /pkg/models/shared/preflightrequest.go
  - /pkg/models/shared/accesstoken.go
  - /pkg/models/shared/featureflag.go
  - /pkg/models/shared/user.go
  - /pkg/models/shared/accessdetails.go
  - /pkg/models/shared/apikeydetails.go
  - /pkg/models/shared/unboundedrequest.go
  - /pkg/models/shared/boundedrequest.go
  - /pkg/models/shared/requestmetadata.go
  - /pkg/models/shared/filters.go
  - /pkg/models/shared/filter.go
  - /pkg/models/shared/githubconfigurecodesamplesresponse.go
  - /pkg/models/shared/workflowdocument.go
  - /pkg/models/shared/githubconfigurecodesamplesrequest.go
  - /pkg/models/shared/githubconfiguremintlifyreporequest.go
  - /pkg/models/shared/githubconfiguretargetrequest.go
  - /pkg/models/shared/githubpublishingprresponse.go
  - /pkg/models/shared/githubgetactionresponse.go
  - /pkg/models/shared/githubmissingpublishingsecretsresponse.go
  - /pkg/models/shared/githubstorepublishingsecretsrequest.go
  - /pkg/models/shared/githubtriggeractionrequest.go
  - /pkg/models/shared/organizationusageresponse.go
  - /pkg/models/shared/organizationusage.go
  - /pkg/models/shared/organization.go
  - /pkg/models/shared/report.go
  - /pkg/models/shared/shorturl.go
  - /pkg/models/shared/suggestedoperationids.go
  - /pkg/models/shared/suggestoperationidsopts.go
  - /pkg/models/shared/embedaccesstokenresponse.go
  - /pkg/models/shared/embedtoken.go
  - /pkg/models/shared/clievent.go
  - /pkg/models/shared/interactiontype.go
  - /pkg/models/shared/targetsdk.go
  - /pkg/models/shared/security.go
  - docs/pkg/models/operations/deleteapirequest.md
  - docs/pkg/models/operations/deleteapiresponse.md
  - docs/pkg/models/operations/generateopenapispecrequest.md
  - docs/pkg/models/operations/generateopenapispecresponse.md
  - docs/pkg/models/operations/generatepostmancollectionrequest.md
  - docs/pkg/models/operations/generatepostmancollectionresponse.md
  - docs/pkg/models/operations/op.md
  - docs/pkg/models/operations/getallapiversionsrequest.md
  - docs/pkg/models/operations/getallapiversionsresponse.md
  - docs/pkg/models/operations/queryparamop.md
  - docs/pkg/models/operations/getapisrequest.md
  - docs/pkg/models/operations/getapisresponse.md
  - docs/pkg/models/operations/upsertapirequest.md
  - docs/pkg/models/operations/upsertapiresponse.md
  - docs/pkg/models/operations/deleteapiendpointrequest.md
  - docs/pkg/models/operations/deleteapiendpointresponse.md
  - docs/pkg/models/operations/findapiendpointrequest.md
  - docs/pkg/models/operations/findapiendpointresponse.md
  - docs/pkg/models/operations/generateopenapispecforapiendpointrequest.md
  - docs/pkg/models/operations/generateopenapispecforapiendpointresponse.md
  - docs/pkg/models/operations/generatepostmancollectionforapiendpointrequest.md
  - docs/pkg/models/operations/generatepostmancollectionforapiendpointresponse.md
  - docs/pkg/models/operations/getallapiendpointsrequest.md
  - docs/pkg/models/operations/getallapiendpointsresponse.md
  - docs/pkg/models/operations/getallforversionapiendpointsrequest.md
  - docs/pkg/models/operations/getallforversionapiendpointsresponse.md
  - docs/pkg/models/operations/getapiendpointrequest.md
  - docs/pkg/models/operations/getapiendpointresponse.md
  - docs/pkg/models/operations/upsertapiendpointrequest.md
  - docs/pkg/models/operations/upsertapiendpointresponse.md
  - docs/pkg/models/operations/deleteversionmetadatarequest.md
  - docs/pkg/models/operations/deleteversionmetadataresponse.md
  - docs/pkg/models/operations/getversionmetadatarequest.md
  - docs/pkg/models/operations/getversionmetadataresponse.md
  - docs/pkg/models/operations/insertversionmetadatarequest.md
  - docs/pkg/models/operations/insertversionmetadataresponse.md
  - docs/pkg/models/operations/deleteschemarequest.md
  - docs/pkg/models/operations/deleteschemaresponse.md
  - docs/pkg/models/operations/downloadschemarequest.md
  - docs/pkg/models/operations/downloadschemaresponse.md
  - docs/pkg/models/operations/downloadschemarevisionrequest.md
  - docs/pkg/models/operations/downloadschemarevisionresponse.md
  - docs/pkg/models/operations/getschemarequest.md
  - docs/pkg/models/operations/getschemaresponse.md
  - docs/pkg/models/operations/getschemadiffrequest.md
  - docs/pkg/models/operations/getschemadiffresponse.md
  - docs/pkg/models/operations/getschemarevisionrequest.md
  - docs/pkg/models/operations/getschemarevisionresponse.md
  - docs/pkg/models/operations/getschemasrequest.md
  - docs/pkg/models/operations/getschemasresponse.md
  - docs/pkg/models/operations/registerschemafile.md
  - docs/pkg/models/operations/registerschemarequestbody.md
  - docs/pkg/models/operations/registerschemarequest.md
  - docs/pkg/models/operations/registerschemaresponse.md
  - docs/pkg/models/operations/getblobrequest.md
  - docs/pkg/models/operations/getblobresponse.md
  - docs/pkg/models/operations/getmanifestrequest.md
  - docs/pkg/models/operations/getmanifestresponse.md
  - docs/pkg/models/operations/getnamespacesresponse.md
  - docs/pkg/models/operations/getoassummaryrequest.md
  - docs/pkg/models/operations/getoassummaryresponse.md
  - docs/pkg/models/operations/getrevisionsrequest.md
  - docs/pkg/models/operations/getrevisionsresponse.md
  - docs/pkg/models/operations/gettagsrequest.md
  - docs/pkg/models/operations/gettagsresponse.md
  - docs/pkg/models/operations/posttagsrequest.md
  - docs/pkg/models/operations/posttagsresponse.md
  - docs/pkg/models/operations/preflightresponse.md
  - docs/pkg/models/operations/getaccesstokenrequest.md
  - docs/pkg/models/operations/getaccesstokenresponse.md
  - docs/pkg/models/operations/getuserresponse.md
  - docs/pkg/models/operations/getworkspaceaccessrequest.md
  - docs/pkg/models/operations/getworkspaceaccessresponse.md
  - docs/pkg/models/operations/validateapikeyresponse.md
  - docs/pkg/models/operations/generaterequestpostmancollectionrequest.md
  - docs/pkg/models/operations/generaterequestpostmancollectionresponse.md
  - docs/pkg/models/operations/getrequestfromeventlogrequest.md
  - docs/pkg/models/operations/getrequestfromeventlogresponse.md
  - docs/pkg/models/operations/queryeventlogrequest.md
  - docs/pkg/models/operations/queryeventlogresponse.md
  - docs/pkg/models/operations/checkaccessrequest.md
  - docs/pkg/models/operations/checkaccessresponse.md
  - docs/pkg/models/operations/configurecodesamplesresponse.md
  - docs/pkg/models/operations/configuremintlifyreporesponse.md
  - docs/pkg/models/operations/configuretargetresponse.md
  - docs/pkg/models/operations/fetchpublishingprsrequest.md
  - docs/pkg/models/operations/fetchpublishingprsresponse.md
  - docs/pkg/models/operations/getactionrequest.md
  - docs/pkg/models/operations/getactionresponse.md
  - docs/pkg/models/operations/githubcheckpublishingsecretsrequest.md
  - docs/pkg/models/operations/githubcheckpublishingsecretsresponse.md
  - docs/pkg/models/operations/githubstorepublishingsecretsresponse.md
  - docs/pkg/models/operations/triggeractionresponse.md
  - docs/pkg/models/operations/createfreetrialresponse.md
  - docs/pkg/models/operations/getorganizationusageresponse.md
  - docs/pkg/models/operations/getorganizationsresponse.md
  - docs/pkg/models/operations/getchangesreportsignedurlrequest.md
  - docs/pkg/models/operations/getchangesreportsignedurlsignedaccess.md
  - docs/pkg/models/operations/getchangesreportsignedurlresponse.md
  - docs/pkg/models/operations/getlintingreportsignedurlrequest.md
  - docs/pkg/models/operations/getlintingreportsignedurlsignedaccess.md
  - docs/pkg/models/operations/getlintingreportsignedurlresponse.md
  - docs/pkg/models/operations/file.md
  - docs/pkg/models/operations/uploadreportrequestbody.md
  - docs/pkg/models/operations/uploadreportuploadedreport.md
  - docs/pkg/models/operations/uploadreportresponse.md
  - docs/pkg/models/operations/createrequestbody.md
  - docs/pkg/models/operations/createresponse.md
  - docs/pkg/models/operations/applyoperationidsrequestbody.md
  - docs/pkg/models/operations/applyoperationidsrequest.md
  - docs/pkg/models/operations/applyoperationidsresponse.md
  - docs/pkg/models/operations/schema.md
  - docs/pkg/models/operations/suggestoperationidsrequestbody.md
  - docs/pkg/models/operations/suggestoperationidsrequest.md
  - docs/pkg/models/operations/suggestoperationidsresponse.md
  - docs/pkg/models/operations/suggestoperationidsregistryrequest.md
  - docs/pkg/models/operations/suggestoperationidsregistryresponse.md
  - docs/pkg/models/operations/getembedaccesstokenrequest.md
  - docs/pkg/models/operations/getembedaccesstokenresponse.md
  - docs/pkg/models/operations/getvalidembedaccesstokensresponse.md
  - docs/pkg/models/operations/revokeembedaccesstokenrequest.md
  - docs/pkg/models/operations/revokeembedaccesstokenresponse.md
  - docs/pkg/models/operations/getworkspaceeventsbytargetglobals.md
  - docs/pkg/models/operations/getworkspaceeventsbytargetrequest.md
  - docs/pkg/models/operations/getworkspaceeventsbytargetresponse.md
  - docs/pkg/models/operations/getworkspacetargetsglobals.md
  - docs/pkg/models/operations/getworkspacetargetsrequest.md
  - docs/pkg/models/operations/getworkspacetargetsresponse.md
  - docs/pkg/models/operations/postworkspaceeventsglobals.md
  - docs/pkg/models/operations/postworkspaceeventsrequest.md
  - docs/pkg/models/operations/postworkspaceeventsresponse.md
  - docs/pkg/models/operations/searchworkspaceeventsglobals.md
  - docs/pkg/models/operations/searchworkspaceeventsrequest.md
  - docs/pkg/models/operations/searchworkspaceeventsresponse.md
  - docs/pkg/models/sdkerrors/error.md
  - docs/pkg/models/shared/generateopenapispecdiff.md
  - docs/pkg/models/shared/api.md
  - docs/pkg/models/shared/apiinput.md
  - docs/pkg/models/shared/apiendpoint.md
  - docs/pkg/models/shared/apiendpointinput.md
  - docs/pkg/models/shared/versionmetadata.md
  - docs/pkg/models/shared/versionmetadatainput.md
  - docs/pkg/models/shared/schema.md
  - docs/pkg/models/shared/valuechange.md
  - docs/pkg/models/shared/schemadiff.md
  - docs/pkg/models/shared/manifest.md
  - docs/pkg/models/shared/v2descriptor.md
  - docs/pkg/models/shared/annotations.md
  - docs/pkg/models/shared/getnamespacesresponse.md
  - docs/pkg/models/shared/namespace.md
  - docs/pkg/models/shared/oassummary.md
  - docs/pkg/models/shared/oasoperation.md
  - docs/pkg/models/shared/license.md
  - docs/pkg/models/shared/oasinfo.md
  - docs/pkg/models/shared/getrevisionsresponse.md
  - docs/pkg/models/shared/revision.md
  - docs/pkg/models/shared/gettagsresponse.md
  - docs/pkg/models/shared/tag.md
  - docs/pkg/models/shared/addtags.md
  - docs/pkg/models/shared/preflighttoken.md
  - docs/pkg/models/shared/preflightrequest.md
  - docs/pkg/models/shared/claims.md
  - docs/pkg/models/shared/accesstokenuser.md
  - docs/pkg/models/shared/accesstokenaccounttype.md
  - docs/pkg/models/shared/workspaces.md
  - docs/pkg/models/shared/accesstoken.md
  - docs/pkg/models/shared/featureflag.md
  - docs/pkg/models/shared/user.md
  - docs/pkg/models/shared/level.md
  - docs/pkg/models/shared/accessdetails.md
  - docs/pkg/models/shared/accounttype.md
  - docs/pkg/models/shared/apikeydetails.md
  - docs/pkg/models/shared/unboundedrequest.md
  - docs/pkg/models/shared/boundedrequest.md
  - docs/pkg/models/shared/requestmetadata.md
  - docs/pkg/models/shared/filters.md
  - docs/pkg/models/shared/filter.md
  - docs/pkg/models/shared/githubconfigurecodesamplesresponse.md
  - docs/pkg/models/shared/auth.md
  - docs/pkg/models/shared/workflowdocument.md
  - docs/pkg/models/shared/githubconfigurecodesamplesrequest.md
  - docs/pkg/models/shared/githubconfiguremintlifyreporequest.md
  - docs/pkg/models/shared/githubconfiguretargetrequest.md
  - docs/pkg/models/shared/githubpublishingprresponse.md
  - docs/pkg/models/shared/githubgetactionresponse.md
  - docs/pkg/models/shared/githubmissingpublishingsecretsresponse.md
  - docs/pkg/models/shared/githubstorepublishingsecretsrequest.md
  - docs/pkg/models/shared/githubtriggeractionrequest.md
  - docs/pkg/models/shared/organizationusageresponse.md
  - docs/pkg/models/shared/organizationusage.md
  - docs/pkg/models/shared/organizationaccounttype.md
  - docs/pkg/models/shared/organization.md
  - docs/pkg/models/shared/type.md
  - docs/pkg/models/shared/report.md
  - docs/pkg/models/shared/shorturl.md
  - docs/pkg/models/shared/suggestedoperationids.md
  - docs/pkg/models/shared/depthstyle.md
  - docs/pkg/models/shared/style.md
  - docs/pkg/models/shared/suggestoperationidsopts.md
  - docs/pkg/models/shared/embedaccesstokenresponse.md
  - docs/pkg/models/shared/embedtoken.md
  - docs/pkg/models/shared/generatebumptype.md
  - docs/pkg/models/shared/openapidiffbumptype.md
  - docs/pkg/models/shared/clievent.md
  - docs/pkg/models/shared/interactiontype.md
  - docs/pkg/models/shared/targetsdk.md
  - docs/pkg/models/shared/security.md
  - docs/sdks/speakeasy/README.md
  - docs/pkg/models/operations/option.md
  - docs/sdks/apis/README.md
  - docs/sdks/apiendpoints/README.md
  - docs/sdks/metadata/README.md
  - docs/sdks/schemas/README.md
  - docs/sdks/artifacts/README.md
  - docs/sdks/auth/README.md
  - docs/sdks/requests/README.md
  - docs/sdks/github/README.md
  - docs/sdks/organizations/README.md
  - docs/sdks/reports/README.md
  - docs/sdks/shorturls/README.md
  - docs/sdks/suggest/README.md
  - docs/sdks/embeds/README.md
  - docs/sdks/events/README.md
  - USAGE.md
  - pkg/models/operations/options.go
  - .gitattributes
  - .devcontainer/README.md
  - .devcontainer/devcontainer.json
  - .devcontainer/setup.sh
  - internal/hooks/hooks.go
  - CONTRIBUTING.md
