speakeasyVersion: 1.285.3
sources:
    my-source:
        sourceNamespace: my-source
        sourceRevisionDigest: sha256:3fd13b66c8f09777d000dfb89a5a4ad0a5b3e01dd0c865a2cf8118fd93f3c8ae
        sourceBlobDigest: sha256:2d6e628bd58c51888ab6af3a64c86d0ef754a0bae74ecf0c4b3fc39086ef136f
        tags:
            - latest
targets:
    speakeasy-client-sdk-go:
        source: my-source
        sourceNamespace: my-source
        sourceRevisionDigest: sha256:3fd13b66c8f09777d000dfb89a5a4ad0a5b3e01dd0c865a2cf8118fd93f3c8ae
        sourceBlobDigest: sha256:2d6e628bd58c51888ab6af3a64c86d0ef754a0bae74ecf0c4b3fc39086ef136f
        outLocation: /Users/da/code/speakeasy-client-sdk-go
workflow:
    workflowVersion: 1.0.0
    speakeasyVersion: latest
    sources:
        my-source:
            inputs:
                - location: https://docs.speakeasyapi.dev/openapi.yaml
            registry:
                location: registry.speakeasyapi.dev/speakeasy-self/speakeasy-self/my-source
    targets:
        speakeasy-client-sdk-go:
            target: go
            source: my-source
