speakeasyVersion: 1.285.1
sources:
    my-source:
        sourceNamespace: my-source
        sourceRevisionDigest: sha256:a410a44400b879fde229f6e4c9ba072a60a3b5876d0fac84542c77ed06e951d2
        sourceBlobDigest: sha256:9ca329569662f528c72b118376d7597139537091b0ee0eaed4f2e5174152a4fe
        tags:
            - latest
            - main
targets:
    speakeasy-client-sdk-go:
        source: my-source
        sourceNamespace: my-source
        sourceRevisionDigest: sha256:a410a44400b879fde229f6e4c9ba072a60a3b5876d0fac84542c77ed06e951d2
        sourceBlobDigest: sha256:9ca329569662f528c72b118376d7597139537091b0ee0eaed4f2e5174152a4fe
        outLocation: /github/workspace/repo
workflow:
    workflowVersion: 1.0.0
    speakeasyVersion: latest
    sources:
        my-source:
            inputs:
                - location: https://docs.speakeasyapi.dev/openapi.yaml
            registry:
                location: registry.speakeasyapi.dev/speakeasy-self/speakeasy-self/my-source
    targets:
        speakeasy-client-sdk-go:
            target: go
            source: my-source
