speakeasyVersion: 1.296.0
sources:
    my-source:
        sourceNamespace: my-source
        sourceRevisionDigest: sha256:e1c48f2e5af849b716d7f8c69ff1b9daa5852f915a43983c2e73e8ac95e560e7
        sourceBlobDigest: sha256:a4d95173657d500e3353c0309d4a18a0e94c77250bc5e430cd285b455d1ab310
        tags:
            - latest
            - main
targets:
    speakeasy-client-sdk-go:
        source: my-source
        sourceNamespace: my-source
        sourceRevisionDigest: sha256:e1c48f2e5af849b716d7f8c69ff1b9daa5852f915a43983c2e73e8ac95e560e7
        sourceBlobDigest: sha256:a4d95173657d500e3353c0309d4a18a0e94c77250bc5e430cd285b455d1ab310
        outLocation: /github/workspace/repo
workflow:
    workflowVersion: 1.0.0
    speakeasyVersion: latest
    sources:
        my-source:
            inputs:
                - location: https://docs.speakeasyapi.dev/openapi.yaml
            registry:
                location: registry.speakeasyapi.dev/speakeasy-self/speakeasy-self/my-source
    targets:
        speakeasy-client-sdk-go:
            target: go
            source: my-source
